
Microsoft Visual Studio Solution File, Format Version 12.00
# Visual Studio Version 16
VisualStudioVersion = 16.0.32630.194
MinimumVisualStudioVersion = 10.0.40219.1
Project("{FAE04EC0-301F-11D3-BF4B-00C04F79EFBC}") = "Registro de empelados", "Registro de empelados.csproj", "{636555CF-8C90-49E1-A10E-11FFCD212A04}"
EndProject
Global
	GlobalSection(SolutionConfigurationPlatforms) = preSolution
		Debug|Any CPU = Debug|Any CPU
		Release|Any CPU = Release|Any CPU
	EndGlobalSection
	GlobalSection(ProjectConfigurationPlatforms) = postSolution
		{636555CF-8C90-49E1-A10E-11FFCD212A04}.Debug|Any CPU.ActiveCfg = Debug|Any CPU
		{636555CF-8C90-49E1-A10E-11FFCD212A04}.Debug|Any CPU.Build.0 = Debug|Any CPU
		{636555CF-8C90-49E1-A10E-11FFCD212A04}.Release|Any CPU.ActiveCfg = Release|Any CPU
		{636555CF-8C90-49E1-A10E-11FFCD212A04}.Release|Any CPU.Build.0 = Release|Any CPU
	EndGlobalSection
	GlobalSection(SolutionProperties) = preSolution
		HideSolutionNode = FALSE
	EndGlobalSection
	GlobalSection(ExtensibilityGlobals) = postSolution
		SolutionGuid = {D2CCE4BF-0A56-4483-8FAA-DC0B97931DF2}
	EndGlobalSection
EndGlobal
